
Microsoft Visual Studio Solution File, Format Version 12.00
# Visual Studio Version 17
VisualStudioVersion = 17.0.31903.59
MinimumVisualStudioVersion = 10.0.40219.1
Project("{FAE04EC0-301F-11D3-BF4B-00C04F79EFBC}") = "API", "API\API.csproj", "{185F7C04-70F7-4DF4-ADBC-437FAF8AF606}"
EndProject
Project("{FAE04EC0-301F-11D3-BF4B-00C04F79EFBC}") = "Core", "Core\Core.csproj", "{46B6E674-1648-462B-A5E6-95A2ABB90BEA}"
EndProject
Project("{FAE04EC0-301F-11D3-BF4B-00C04F79EFBC}") = "Infrastructure", "Infrastructure\Infrastructure.csproj", "{940990CC-A415-444C-A34F-F4A08420254C}"
EndProject
Global
	GlobalSection(SolutionConfigurationPlatforms) = preSolution
		Debug|Any CPU = Debug|Any CPU
		Release|Any CPU = Release|Any CPU
	EndGlobalSection
	GlobalSection(SolutionProperties) = preSolution
		HideSolutionNode = FALSE
	EndGlobalSection
	GlobalSection(ProjectConfigurationPlatforms) = postSolution
		{185F7C04-70F7-4DF4-ADBC-437FAF8AF606}.Debug|Any CPU.ActiveCfg = Debug|Any CPU
		{185F7C04-70F7-4DF4-ADBC-437FAF8AF606}.Debug|Any CPU.Build.0 = Debug|Any CPU
		{185F7C04-70F7-4DF4-ADBC-437FAF8AF606}.Release|Any CPU.ActiveCfg = Release|Any CPU
		{185F7C04-70F7-4DF4-ADBC-437FAF8AF606}.Release|Any CPU.Build.0 = Release|Any CPU
		{46B6E674-1648-462B-A5E6-95A2ABB90BEA}.Debug|Any CPU.ActiveCfg = Debug|Any CPU
		{46B6E674-1648-462B-A5E6-95A2ABB90BEA}.Debug|Any CPU.Build.0 = Debug|Any CPU
		{46B6E674-1648-462B-A5E6-95A2ABB90BEA}.Release|Any CPU.ActiveCfg = Release|Any CPU
		{46B6E674-1648-462B-A5E6-95A2ABB90BEA}.Release|Any CPU.Build.0 = Release|Any CPU
		{940990CC-A415-444C-A34F-F4A08420254C}.Debug|Any CPU.ActiveCfg = Debug|Any CPU
		{940990CC-A415-444C-A34F-F4A08420254C}.Debug|Any CPU.Build.0 = Debug|Any CPU
		{940990CC-A415-444C-A34F-F4A08420254C}.Release|Any CPU.ActiveCfg = Release|Any CPU
		{940990CC-A415-444C-A34F-F4A08420254C}.Release|Any CPU.Build.0 = Release|Any CPU
	EndGlobalSection
EndGlobal
